// !$*UTF8*$!
{
	archiveVersion = 1;
	classes = {
	};
	objectVersion = 50;
	objects = {

/* Begin PBXBuildFile section */
		931FAB7121E70D8300EBEC58 /* AppDelegate.swift in Sources */ = {isa = PBXBuildFile; fileRef = 931FAB7021E70D8300EBEC58 /* AppDelegate.swift */; };
		931FAB7321E70D8300EBEC58 /* ViewController.swift in Sources */ = {isa = PBXBuildFile; fileRef = 931FAB7221E70D8300EBEC58 /* ViewController.swift */; };
		931FAB7621E70D8300EBEC58 /* Main.storyboard in Resources */ = {isa = PBXBuildFile; fileRef = 931FAB7421E70D8300EBEC58 /* Main.storyboard */; };
		931FAB7821E70D8500EBEC58 /* Assets.xcassets in Resources */ = {isa = PBXBuildFile; fileRef = 931FAB7721E70D8500EBEC58 /* Assets.xcassets */; };
		931FAB7B21E70D8500EBEC58 /* LaunchScreen.storyboard in Resources */ = {isa = PBXBuildFile; fileRef = 931FAB7921E70D8500EBEC58 /* LaunchScreen.storyboard */; };
		931FAB8621E7176F00EBEC58 /* Secrets.swift in Sources */ = {isa = PBXBuildFile; fileRef = 931FAB8521E7176E00EBEC58 /* Secrets.swift */; };
/* End PBXBuildFile section */

/* Begin PBXFileReference section */
		931FAB6D21E70D8300EBEC58 /* SecretApp.app */ = {isa = PBXFileReference; explicitFileType = wrapper.application; includeInIndex = 0; path = SecretApp.app; sourceTree = BUILT_PRODUCTS_DIR; };
		931FAB7021E70D8300EBEC58 /* AppDelegate.swift */ = {isa = PBXFileReference; lastKnownFileType = sourcecode.swift; path = AppDelegate.swift; sourceTree = "<group>"; };
		931FAB7221E70D8300EBEC58 /* ViewController.swift */ = {isa = PBXFileReference; lastKnownFileType = sourcecode.swift; path = ViewController.swift; sourceTree = "<group>"; };
		931FAB7521E70D8300EBEC58 /* Base */ = {isa = PBXFileReference; lastKnownFileType = file.storyboard; name = Base; path = Base.lproj/Main.storyboard; sourceTree = "<group>"; };
		931FAB7721E70D8500EBEC58 /* Assets.xcassets */ = {isa = PBXFileReference; lastKnownFileType = folder.assetcatalog; path = Assets.xcassets; sourceTree = "<group>"; };
		931FAB7A21E70D8500EBEC58 /* Base */ = {isa = PBXFileReference; lastKnownFileType = file.storyboard; name = Base; path = Base.lproj/LaunchScreen.storyboard; sourceTree = "<group>"; };
		931FAB7C21E70D8500EBEC58 /* Info.plist */ = {isa = PBXFileReference; lastKnownFileType = text.plist.xml; path = Info.plist; sourceTree = "<group>"; };
		931FAB8521E7176E00EBEC58 /* Secrets.swift */ = {isa = PBXFileReference; fileEncoding = 4; lastKnownFileType = sourcecode.swift; path = Secrets.swift; sourceTree = "<group>"; };
/* End PBXFileReference section */

/* Begin PBXFrameworksBuildPhase section */
		931FAB6A21E70D8300EBEC58 /* Frameworks */ = {
			isa = PBXFrameworksBuildPhase;
			buildActionMask = 2147483647;
			files = (
			);
			runOnlyForDeploymentPostprocessing = 0;
		};
/* End PBXFrameworksBuildPhase section */

/* Begin PBXGroup section */
		931FAB6421E70D8300EBEC58 = {
			isa = PBXGroup;
			children = (
				931FAB6F21E70D8300EBEC58 /* SecretApp */,
				931FAB6E21E70D8300EBEC58 /* Products */,
			);
			sourceTree = "<group>";
		};
		931FAB6E21E70D8300EBEC58 /* Products */ = {
			isa = PBXGroup;
			children = (
				931FAB6D21E70D8300EBEC58 /* SecretApp.app */,
			);
			name = Products;
			sourceTree = "<group>";
		};
		931FAB6F21E70D8300EBEC58 /* SecretApp */ = {
			isa = PBXGroup;
			children = (
				931FAB7021E70D8300EBEC58 /* AppDelegate.swift */,
				931FAB7221E70D8300EBEC58 /* ViewController.swift */,
				931FAB8521E7176E00EBEC58 /* Secrets.swift */,
				931FAB7421E70D8300EBEC58 /* Main.storyboard */,
				931FAB7721E70D8500EBEC58 /* Assets.xcassets */,
				931FAB7921E70D8500EBEC58 /* LaunchScreen.storyboard */,
				931FAB7C21E70D8500EBEC58 /* Info.plist */,
			);
			path = SecretApp;
			sourceTree = "<group>";
		};
/* End PBXGroup section */

/* Begin PBXNativeTarget section */
		931FAB6C21E70D8300EBEC58 /* SecretApp */ = {
			isa = PBXNativeTarget;
			buildConfigurationList = 931FAB7F21E70D8500EBEC58 /* Build configuration list for PBXNativeTarget "SecretApp" */;
			buildPhases = (
				931FAB8421E7149B00EBEC58 /* Run Script */,
				931FAB6921E70D8300EBEC58 /* Sources */,
				931FAB6A21E70D8300EBEC58 /* Frameworks */,
				931FAB6B21E70D8300EBEC58 /* Resources */,
			);
			buildRules = (
			);
			dependencies = (
			);
			name = SecretApp;
			productName = SecretApp;
			productReference = 931FAB6D21E70D8300EBEC58 /* SecretApp.app */;
			productType = "com.apple.product-type.application";
		};
/* End PBXNativeTarget section */

/* Begin PBXProject section */
		931FAB6521E70D8300EBEC58 /* Project object */ = {
			isa = PBXProject;
			attributes = {
				LastSwiftUpdateCheck = 1010;
				LastUpgradeCheck = 1010;
				ORGANIZATIONNAME = "my organization";
				TargetAttributes = {
					931FAB6C21E70D8300EBEC58 = {
						CreatedOnToolsVersion = 10.1;
					};
				};
			};
			buildConfigurationList = 931FAB6821E70D8300EBEC58 /* Build configuration list for PBXProject "SecretApp" */;
			compatibilityVersion = "Xcode 9.3";
			developmentRegion = en;
			hasScannedForEncodings = 0;
			knownRegions = (
				en,
				Base,
			);
			mainGroup = 931FAB6421E70D8300EBEC58;
			productRefGroup = 931FAB6E21E70D8300EBEC58 /* Products */;
			projectDirPath = "";
			projectRoot = "";
			targets = (
				931FAB6C21E70D8300EBEC58 /* SecretApp */,
			);
		};
/* End PBXProject section */

/* Begin PBXResourcesBuildPhase section */
		931FAB6B21E70D8300EBEC58 /* Resources */ = {
			isa = PBXResourcesBuildPhase;
			buildActionMask = 2147483647;
			files = (
				931FAB7B21E70D8500EBEC58 /* LaunchScreen.storyboard in Resources */,
				931FAB7821E70D8500EBEC58 /* Assets.xcassets in Resources */,
				931FAB7621E70D8300EBEC58 /* Main.storyboard in Resources */,
			);
			runOnlyForDeploymentPostprocessing = 0;
		};
/* End PBXResourcesBuildPhase section */

/* Begin PBXShellScriptBuildPhase section */
		931FAB8421E7149B00EBEC58 /* Run Script */ = {
			isa = PBXShellScriptBuildPhase;
			buildActionMask = 2147483647;
			files = (
			);
			inputFileListPaths = (
			);
			inputPaths = (
			);
			name = "Run Script";
			outputFileListPaths = (
			);
			outputPaths = (
			);
			runOnlyForDeploymentPostprocessing = 0;
			shellPath = /bin/sh;
			shellScript = "# Type a script or drag a script file from your workspace to insert its path.\nif [ \"${CONFIGURATION}\" = \"Debug\" ]; then\n\"${SRCROOT}/script.sh\"\nfi\n";
		};
/* End PBXShellScriptBuildPhase section */

/* Begin PBXSourcesBuildPhase section */
		931FAB6921E70D8300EBEC58 /* Sources */ = {
			isa = PBXSourcesBuildPhase;
			buildActionMask = 2147483647;
			files = (
				931FAB7321E70D8300EBEC58 /* ViewController.swift in Sources */,
				931FAB8621E7176F00EBEC58 /* Secrets.swift in Sources */,
				931FAB7121E70D8300EBEC58 /* AppDelegate.swift in Sources */,
			);
			runOnlyForDeploymentPostprocessing = 0;
		};
/* End PBXSourcesBuildPhase section */

/* Begin PBXVariantGroup section */
		931FAB7421E70D8300EBEC58 /* Main.storyboard */ = {
			isa = PBXVariantGroup;
			children = (
				931FAB7521E70D8300EBEC58 /* Base */,
			);
			name = Main.storyboard;
			sourceTree = "<group>";
		};
		931FAB7921E70D8500EBEC58 /* LaunchScreen.storyboard */ = {
			isa = PBXVariantGroup;
			children = (
				931FAB7A21E70D8500EBEC58 /* Base */,
			);
			name = LaunchScreen.storyboard;
			sourceTree = "<group>";
		};
/* End PBXVariantGroup section */

/* Begin XCBuildConfiguration section */
		931FAB7D21E70D8500EBEC58 /* Debug */ = {
			isa = XCBuildConfiguration;
			buildSettings = {
				ALWAYS_SEARCH_USER_PATHS = NO;
				CLANG_ANALYZER_NONNULL = YES;
				CLANG_ANALYZER_NUMBER_OBJECT_CONVERSION = YES_AGGRESSIVE;
				CLANG_CXX_LANGUAGE_STANDARD = "gnu++14";
				CLANG_CXX_LIBRARY = "libc++";
				CLANG_ENABLE_MODULES = YES;
				CLANG_ENABLE_OBJC_ARC = YES;
				CLANG_ENABLE_OBJC_WEAK = YES;
				CLANG_WARN_BLOCK_CAPTURE_AUTORELEASING = YES;
				CLANG_WARN_BOOL_CONVERSION = YES;
				CLANG_WARN_COMMA = YES;
				CLANG_WARN_CONSTANT_CONVERSION = YES;
				CLANG_WARN_DEPRECATED_OBJC_IMPLEMENTATIONS = YES;
				CLANG_WARN_DIRECT_OBJC_ISA_USAGE = YES_ERROR;
				CLANG_WARN_DOCUMENTATION_COMMENTS = YES;
				CLANG_WARN_EMPTY_BODY = YES;
				CLANG_WARN_ENUM_CONVERSION = YES;
				CLANG_WARN_INFINITE_RECURSION = YES;
				CLANG_WARN_INT_CONVERSION = YES;
				CLANG_WARN_NON_LITERAL_NULL_CONVERSION = YES;
				CLANG_WARN_OBJC_IMPLICIT_RETAIN_SELF = YES;
				CLANG_WARN_OBJC_LITERAL_CONVERSION = YES;
				CLANG_WARN_OBJC_ROOT_CLASS = YES_ERROR;
				CLANG_WARN_RANGE_LOOP_ANALYSIS = YES;
				CLANG_WARN_STRICT_PROTOTYPES = YES;
				CLANG_WARN_SUSPICIOUS_MOVE = YES;
				CLANG_WARN_UNGUARDED_AVAILABILITY = YES_AGGRESSIVE;
				CLANG_WARN_UNREACHABLE_CODE = YES;
				CLANG_WARN__DUPLICATE_METHOD_MATCH = YES;
				CODE_SIGN_IDENTITY = "iPhone Developer";
				COPY_PHASE_STRIP = NO;
				DEBUG_INFORMATION_FORMAT = dwarf;
				ENABLE_STRICT_OBJC_MSGSEND = YES;
				ENABLE_TESTABILITY = YES;
				GCC_C_LANGUAGE_STANDARD = gnu11;
				GCC_DYNAMIC_NO_PIC = NO;
				GCC_NO_COMMON_BLOCKS = YES;
				GCC_OPTIMIZATION_LEVEL = 0;
				GCC_PREPROCESSOR_DEFINITIONS = (
					"DEBUG=1",
					"$(inherited)",
				);
				GCC_WARN_64_TO_32_BIT_CONVERSION = YES;
				GCC_WARN_ABOUT_RETURN_TYPE = YES_ERROR;
				GCC_WARN_UNDECLARED_SELECTOR = YES;
				GCC_WARN_UNINITIALIZED_AUTOS = YES_AGGRESSIVE;
				GCC_WARN_UNUSED_FUNCTION = YES;
				GCC_WARN_UNUSED_VARIABLE = YES;
				IPHONEOS_DEPLOYMENT_TARGET = 12.1;
				MTL_ENABLE_DEBUG_INFO = INCLUDE_SOURCE;
				MTL_FAST_MATH = YES;
				ONLY_ACTIVE_ARCH = YES;
				SDKROOT = iphoneos;
				SWIFT_ACTIVE_COMPILATION_CONDITIONS = DEBUG;
				SWIFT_OPTIMIZATION_LEVEL = "-Onone";
			};
			name = Debug;
		};
		931FAB7E21E70D8500EBEC58 /* Release */ = {
			isa = XCBuildConfiguration;
			buildSettings = {
				ALWAYS_SEARCH_USER_PATHS = NO;
				CLANG_ANALYZER_NONNULL = YES;
				CLANG_ANALYZER_NUMBER_OBJECT_CONVERSION = YES_AGGRESSIVE;
				CLANG_CXX_LANGUAGE_STANDARD = "gnu++14";
				CLANG_CXX_LIBRARY = "libc++";
				CLANG_ENABLE_MODULES = YES;
				CLANG_ENABLE_OBJC_ARC = YES;
				CLANG_ENABLE_OBJC_WEAK = YES;
				CLANG_WARN_BLOCK_CAPTURE_AUTORELEASING = YES;
				CLANG_WARN_BOOL_CONVERSION = YES;
				CLANG_WARN_COMMA = YES;
				CLANG_WARN_CONSTANT_CONVERSION = YES;
				CLANG_WARN_DEPRECATED_OBJC_IMPLEMENTATIONS = YES;
				CLANG_WARN_DIRECT_OBJC_ISA_USAGE = YES_ERROR;
				CLANG_WARN_DOCUMENTATION_COMMENTS = YES;
				CLANG_WARN_EMPTY_BODY = YES;
				CLANG_WARN_ENUM_CONVERSION = YES;
				CLANG_WARN_INFINITE_RECURSION = YES;
				CLANG_WARN_INT_CONVERSION = YES;
				CLANG_WARN_NON_LITERAL_NULL_CONVERSION = YES;
				CLANG_WARN_OBJC_IMPLICIT_RETAIN_SELF = YES;
				CLANG_WARN_OBJC_LITERAL_CONVERSION = YES;
				CLANG_WARN_OBJC_ROOT_CLASS = YES_ERROR;
				CLANG_WARN_RANGE_LOOP_ANALYSIS = YES;
				CLANG_WARN_STRICT_PROTOTYPES = YES;
				CLANG_WARN_SUSPICIOUS_MOVE = YES;
				CLANG_WARN_UNGUARDED_AVAILABILITY = YES_AGGRESSIVE;
				CLANG_WARN_UNREACHABLE_CODE = YES;
				CLANG_WARN__DUPLICATE_METHOD_MATCH = YES;
				CODE_SIGN_IDENTITY = "iPhone Developer";
				COPY_PHASE_STRIP = NO;
				DEBUG_INFORMATION_FORMAT = "dwarf-with-dsym";
				ENABLE_NS_ASSERTIONS = NO;
				ENABLE_STRICT_OBJC_MSGSEND = YES;
				GCC_C_LANGUAGE_STANDARD = gnu11;
				GCC_NO_COMMON_BLOCKS = YES;
				GCC_WARN_64_TO_32_BIT_CONVERSION = YES;
				GCC_WARN_ABOUT_RETURN_TYPE = YES_ERROR;
				GCC_WARN_UNDECLARED_SELECTOR = YES;
				GCC_WARN_UNINITIALIZED_AUTOS = YES_AGGRESSIVE;
				GCC_WARN_UNUSED_FUNCTION = YES;
				GCC_WARN_UNUSED_VARIABLE = YES;
				IPHONEOS_DEPLOYMENT_TARGET = 12.1;
				MTL_ENABLE_DEBUG_INFO = NO;
				MTL_FAST_MATH = YES;
				SDKROOT = iphoneos;
				SWIFT_COMPILATION_MODE = wholemodule;
				SWIFT_OPTIMIZATION_LEVEL = "-O";
				VALIDATE_PRODUCT = YES;
			};
			name = Release;
		};
		931FAB8021E70D8500EBEC58 /* Debug */ = {
			isa = XCBuildConfiguration;
			buildSettings = {
				ASSETCATALOG_COMPILER_APPICON_NAME = AppIcon;
				CODE_SIGN_STYLE = Automatic;
				INFOPLIST_FILE = SecretApp/Info.plist;
				LD_RUNPATH_SEARCH_PATHS = (
					"$(inherited)",
					"@executable_path/Frameworks",
				);
				PRODUCT_BUNDLE_IDENTIFIER = dreamdev.SecretApp;
				PRODUCT_NAME = "$(TARGET_NAME)";
				SWIFT_VERSION = 4.2;
				TARGETED_DEVICE_FAMILY = "1,2";
			};
			name = Debug;
		};
		931FAB8121E70D8500EBEC58 /* Release */ = {
			isa = XCBuildConfiguration;
			buildSettings = {
				ASSETCATALOG_COMPILER_APPICON_NAME = AppIcon;
				CODE_SIGN_STYLE = Automatic;
				INFOPLIST_FILE = SecretApp/Info.plist;
				LD_RUNPATH_SEARCH_PATHS = (
					"$(inherited)",
					"@executable_path/Frameworks",
				);
				PRODUCT_BUNDLE_IDENTIFIER = dreamdev.SecretApp;
				PRODUCT_NAME = "$(TARGET_NAME)";
				SWIFT_VERSION = 4.2;
				TARGETED_DEVICE_FAMILY = "1,2";
			};
			name = Release;
		};
/* End XCBuildConfiguration section */

/* Begin XCConfigurationList section */
		931FAB6821E70D8300EBEC58 /* Build configuration list for PBXProject "SecretApp" */ = {
			isa = XCConfigurationList;
			buildConfigurations = (
				931FAB7D21E70D8500EBEC58 /* Debug */,
				931FAB7E21E70D8500EBEC58 /* Release */,
			);
			defaultConfigurationIsVisible = 0;
			defaultConfigurationName = Release;
		};
		931FAB7F21E70D8500EBEC58 /* Build configuration list for PBXNativeTarget "SecretApp" */ = {
			isa = XCConfigurationList;
			buildConfigurations = (
				931FAB8021E70D8500EBEC58 /* Debug */,
				931FAB8121E70D8500EBEC58 /* Release */,
			);
			defaultConfigurationIsVisible = 0;
			defaultConfigurationName = Release;
		};
/* End XCConfigurationList section */
	};
	rootObject = 931FAB6521E70D8300EBEC58 /* Project object */;
}
